
Microsoft Visual Studio Solution File, Format Version 12.00
# Visual Studio Version 17
VisualStudioVersion = 17.2.32602.215
MinimumVisualStudioVersion = 10.0.40219.1
Project("{FAE04EC0-301F-11D3-BF4B-00C04F79EFBC}") = "BakendProject", "BakendProject\BakendProject.csproj", "{8504BE17-A02E-47B9-A21B-A2E2EAF7B763}"
EndProject
Global
	GlobalSection(SolutionConfigurationPlatforms) = preSolution
		Debug|Any CPU = Debug|Any CPU
		Release|Any CPU = Release|Any CPU
	EndGlobalSection
	GlobalSection(ProjectConfigurationPlatforms) = postSolution
		{8504BE17-A02E-47B9-A21B-A2E2EAF7B763}.Debug|Any CPU.ActiveCfg = Debug|Any CPU
		{8504BE17-A02E-47B9-A21B-A2E2EAF7B763}.Debug|Any CPU.Build.0 = Debug|Any CPU
		{8504BE17-A02E-47B9-A21B-A2E2EAF7B763}.Release|Any CPU.ActiveCfg = Release|Any CPU
		{8504BE17-A02E-47B9-A21B-A2E2EAF7B763}.Release|Any CPU.Build.0 = Release|Any CPU
	EndGlobalSection
	GlobalSection(SolutionProperties) = preSolution
		HideSolutionNode = FALSE
	EndGlobalSection
	GlobalSection(ExtensibilityGlobals) = postSolution
		SolutionGuid = {449C3C64-B965-4D0A-859B-77BDCA75A014}
	EndGlobalSection
EndGlobal
